
Microsoft Visual Studio Solution File, Format Version 12.00
# Visual Studio Version 17
VisualStudioVersion = 17.0.32112.339
MinimumVisualStudioVersion = 10.0.40219.1
Project("{2150E333-8FDC-42A3-9474-1A3956D46DE8}") = "Services", "Services", "{149385AC-1BA7-4841-B000-EAF792070DF5}"
EndProject
Project("{2150E333-8FDC-42A3-9474-1A3956D46DE8}") = "Catalog", "Catalog", "{93F5EFE1-C7FB-47C3-B283-DA8B08C44043}"
EndProject
Project("{9A19103F-16F7-4668-BE54-9A1E7A4F7556}") = "Catalog.API", "Services\Catalog\Catalog.API\Catalog.API.csproj", "{26B5E5B7-E624-4A09-93F5-42323C355C9E}"
EndProject
Project("{E53339B2-1760-4266-BCC7-CA923CBCF16C}") = "docker-compose", "docker-compose.dcproj", "{7C730FEE-FB46-409B-9E8D-A5FF7D748823}"
EndProject
Project("{2150E333-8FDC-42A3-9474-1A3956D46DE8}") = "Basket", "Basket", "{33D3867B-568E-4BB7-938C-D16F11121CE7}"
EndProject
Project("{9A19103F-16F7-4668-BE54-9A1E7A4F7556}") = "Basket.API", "Services\Basket\Basket.API\Basket.API.csproj", "{B9D6D4D0-4B93-46D6-A77C-48DBC331ACD4}"
EndProject
Project("{2150E333-8FDC-42A3-9474-1A3956D46DE8}") = "Discount", "Discount", "{82D56D2B-518D-44A6-8118-71367D2B8D1A}"
EndProject
Project("{FAE04EC0-301F-11D3-BF4B-00C04F79EFBC}") = "Discount.API", "Services\Discount\Discount.API\Discount.API.csproj", "{098ED1D9-B21B-46A9-B5DC-900D07B03C0E}"
EndProject
Global
	GlobalSection(SolutionConfigurationPlatforms) = preSolution
		Debug|Any CPU = Debug|Any CPU
		Release|Any CPU = Release|Any CPU
	EndGlobalSection
	GlobalSection(ProjectConfigurationPlatforms) = postSolution
		{26B5E5B7-E624-4A09-93F5-42323C355C9E}.Debug|Any CPU.ActiveCfg = Debug|Any CPU
		{26B5E5B7-E624-4A09-93F5-42323C355C9E}.Debug|Any CPU.Build.0 = Debug|Any CPU
		{26B5E5B7-E624-4A09-93F5-42323C355C9E}.Release|Any CPU.ActiveCfg = Release|Any CPU
		{26B5E5B7-E624-4A09-93F5-42323C355C9E}.Release|Any CPU.Build.0 = Release|Any CPU
		{7C730FEE-FB46-409B-9E8D-A5FF7D748823}.Debug|Any CPU.ActiveCfg = Debug|Any CPU
		{7C730FEE-FB46-409B-9E8D-A5FF7D748823}.Debug|Any CPU.Build.0 = Debug|Any CPU
		{7C730FEE-FB46-409B-9E8D-A5FF7D748823}.Release|Any CPU.ActiveCfg = Release|Any CPU
		{7C730FEE-FB46-409B-9E8D-A5FF7D748823}.Release|Any CPU.Build.0 = Release|Any CPU
		{B9D6D4D0-4B93-46D6-A77C-48DBC331ACD4}.Debug|Any CPU.ActiveCfg = Debug|Any CPU
		{B9D6D4D0-4B93-46D6-A77C-48DBC331ACD4}.Debug|Any CPU.Build.0 = Debug|Any CPU
		{B9D6D4D0-4B93-46D6-A77C-48DBC331ACD4}.Release|Any CPU.ActiveCfg = Release|Any CPU
		{B9D6D4D0-4B93-46D6-A77C-48DBC331ACD4}.Release|Any CPU.Build.0 = Release|Any CPU
		{098ED1D9-B21B-46A9-B5DC-900D07B03C0E}.Debug|Any CPU.ActiveCfg = Debug|Any CPU
		{098ED1D9-B21B-46A9-B5DC-900D07B03C0E}.Debug|Any CPU.Build.0 = Debug|Any CPU
		{098ED1D9-B21B-46A9-B5DC-900D07B03C0E}.Release|Any CPU.ActiveCfg = Release|Any CPU
		{098ED1D9-B21B-46A9-B5DC-900D07B03C0E}.Release|Any CPU.Build.0 = Release|Any CPU
	EndGlobalSection
	GlobalSection(SolutionProperties) = preSolution
		HideSolutionNode = FALSE
	EndGlobalSection
	GlobalSection(NestedProjects) = preSolution
		{93F5EFE1-C7FB-47C3-B283-DA8B08C44043} = {149385AC-1BA7-4841-B000-EAF792070DF5}
		{26B5E5B7-E624-4A09-93F5-42323C355C9E} = {93F5EFE1-C7FB-47C3-B283-DA8B08C44043}
		{33D3867B-568E-4BB7-938C-D16F11121CE7} = {149385AC-1BA7-4841-B000-EAF792070DF5}
		{B9D6D4D0-4B93-46D6-A77C-48DBC331ACD4} = {33D3867B-568E-4BB7-938C-D16F11121CE7}
		{82D56D2B-518D-44A6-8118-71367D2B8D1A} = {149385AC-1BA7-4841-B000-EAF792070DF5}
		{098ED1D9-B21B-46A9-B5DC-900D07B03C0E} = {82D56D2B-518D-44A6-8118-71367D2B8D1A}
	EndGlobalSection
	GlobalSection(ExtensibilityGlobals) = postSolution
		SolutionGuid = {C0F88A04-02FE-4889-ABDD-6178E976D203}
	EndGlobalSection
EndGlobal
