
Microsoft Visual Studio Solution File, Format Version 12.00
# Visual Studio Version 17
VisualStudioVersion = 17.0.32112.339
MinimumVisualStudioVersion = 10.0.40219.1
Project("{2150E333-8FDC-42A3-9474-1A3956D46DE8}") = "Services", "Services", "{149385AC-1BA7-4841-B000-EAF792070DF5}"
EndProject
Project("{2150E333-8FDC-42A3-9474-1A3956D46DE8}") = "Catalog", "Catalog", "{93F5EFE1-C7FB-47C3-B283-DA8B08C44043}"
EndProject
Project("{9A19103F-16F7-4668-BE54-9A1E7A4F7556}") = "Catalog.API", "Services\Catalog\Catalog.API\Catalog.API.csproj", "{26B5E5B7-E624-4A09-93F5-42323C355C9E}"
EndProject
Project("{E53339B2-1760-4266-BCC7-CA923CBCF16C}") = "docker-compose", "docker-compose.dcproj", "{7C730FEE-FB46-409B-9E8D-A5FF7D748823}"
EndProject
Project("{2150E333-8FDC-42A3-9474-1A3956D46DE8}") = "Basket", "Basket", "{33D3867B-568E-4BB7-938C-D16F11121CE7}"
EndProject
Project("{2150E333-8FDC-42A3-9474-1A3956D46DE8}") = "Discount", "Discount", "{82D56D2B-518D-44A6-8118-71367D2B8D1A}"
EndProject
Project("{9A19103F-16F7-4668-BE54-9A1E7A4F7556}") = "Discount.API", "Services\Discount\Discount.API\Discount.API.csproj", "{098ED1D9-B21B-46A9-B5DC-900D07B03C0E}"
EndProject
Project("{9A19103F-16F7-4668-BE54-9A1E7A4F7556}") = "Discount.Grpc", "Services\Discount\Discount.Grpc\Discount.Grpc.csproj", "{0A4988D9-6B84-4F84-A3FA-138C82C05090}"
EndProject
Project("{9A19103F-16F7-4668-BE54-9A1E7A4F7556}") = "Basket.API", "Services\Basket\Basket.API\Basket.API.csproj", "{D35A14D9-FFE1-4148-BF78-DE551FE1A9C7}"
EndProject
Project("{2150E333-8FDC-42A3-9474-1A3956D46DE8}") = "Ordering", "Ordering", "{DC4DF3C9-BDCE-488D-B1DC-A1913580232D}"
EndProject
Project("{9A19103F-16F7-4668-BE54-9A1E7A4F7556}") = "Ordering.API", "Services\Ordering\Ordering.API\Ordering.API.csproj", "{F2E36EDD-BCEE-4410-B737-1A25B6AD83EC}"
EndProject
Project("{9A19103F-16F7-4668-BE54-9A1E7A4F7556}") = "Ordering.Domain", "Services\Ordering\Ordering.Domain\Ordering.Domain.csproj", "{0228ECD5-8B97-4870-9CFB-43DEAFC10F33}"
EndProject
Project("{9A19103F-16F7-4668-BE54-9A1E7A4F7556}") = "Ordering.Application", "Services\Ordering\Ordering.Application\Ordering.Application.csproj", "{9E4D189E-921F-4584-A8C7-9BB1888EF137}"
EndProject
Project("{9A19103F-16F7-4668-BE54-9A1E7A4F7556}") = "Ordering.Infrastructure", "Services\Ordering\Ordering.Infrastructure\Ordering.Infrastructure.csproj", "{AF59A414-C5E8-4BFF-A13C-1846D6597BF1}"
EndProject
Global
	GlobalSection(SolutionConfigurationPlatforms) = preSolution
		Debug|Any CPU = Debug|Any CPU
		Release|Any CPU = Release|Any CPU
	EndGlobalSection
	GlobalSection(ProjectConfigurationPlatforms) = postSolution
		{26B5E5B7-E624-4A09-93F5-42323C355C9E}.Debug|Any CPU.ActiveCfg = Debug|Any CPU
		{26B5E5B7-E624-4A09-93F5-42323C355C9E}.Debug|Any CPU.Build.0 = Debug|Any CPU
		{26B5E5B7-E624-4A09-93F5-42323C355C9E}.Release|Any CPU.ActiveCfg = Release|Any CPU
		{26B5E5B7-E624-4A09-93F5-42323C355C9E}.Release|Any CPU.Build.0 = Release|Any CPU
		{7C730FEE-FB46-409B-9E8D-A5FF7D748823}.Debug|Any CPU.ActiveCfg = Debug|Any CPU
		{7C730FEE-FB46-409B-9E8D-A5FF7D748823}.Debug|Any CPU.Build.0 = Debug|Any CPU
		{7C730FEE-FB46-409B-9E8D-A5FF7D748823}.Release|Any CPU.ActiveCfg = Release|Any CPU
		{7C730FEE-FB46-409B-9E8D-A5FF7D748823}.Release|Any CPU.Build.0 = Release|Any CPU
		{098ED1D9-B21B-46A9-B5DC-900D07B03C0E}.Debug|Any CPU.ActiveCfg = Debug|Any CPU
		{098ED1D9-B21B-46A9-B5DC-900D07B03C0E}.Debug|Any CPU.Build.0 = Debug|Any CPU
		{098ED1D9-B21B-46A9-B5DC-900D07B03C0E}.Release|Any CPU.ActiveCfg = Release|Any CPU
		{098ED1D9-B21B-46A9-B5DC-900D07B03C0E}.Release|Any CPU.Build.0 = Release|Any CPU
		{0A4988D9-6B84-4F84-A3FA-138C82C05090}.Debug|Any CPU.ActiveCfg = Debug|Any CPU
		{0A4988D9-6B84-4F84-A3FA-138C82C05090}.Debug|Any CPU.Build.0 = Debug|Any CPU
		{0A4988D9-6B84-4F84-A3FA-138C82C05090}.Release|Any CPU.ActiveCfg = Release|Any CPU
		{0A4988D9-6B84-4F84-A3FA-138C82C05090}.Release|Any CPU.Build.0 = Release|Any CPU
		{D35A14D9-FFE1-4148-BF78-DE551FE1A9C7}.Debug|Any CPU.ActiveCfg = Debug|Any CPU
		{D35A14D9-FFE1-4148-BF78-DE551FE1A9C7}.Debug|Any CPU.Build.0 = Debug|Any CPU
		{D35A14D9-FFE1-4148-BF78-DE551FE1A9C7}.Release|Any CPU.ActiveCfg = Release|Any CPU
		{D35A14D9-FFE1-4148-BF78-DE551FE1A9C7}.Release|Any CPU.Build.0 = Release|Any CPU
		{F2E36EDD-BCEE-4410-B737-1A25B6AD83EC}.Debug|Any CPU.ActiveCfg = Debug|Any CPU
		{F2E36EDD-BCEE-4410-B737-1A25B6AD83EC}.Debug|Any CPU.Build.0 = Debug|Any CPU
		{F2E36EDD-BCEE-4410-B737-1A25B6AD83EC}.Release|Any CPU.ActiveCfg = Release|Any CPU
		{F2E36EDD-BCEE-4410-B737-1A25B6AD83EC}.Release|Any CPU.Build.0 = Release|Any CPU
		{0228ECD5-8B97-4870-9CFB-43DEAFC10F33}.Debug|Any CPU.ActiveCfg = Debug|Any CPU
		{0228ECD5-8B97-4870-9CFB-43DEAFC10F33}.Debug|Any CPU.Build.0 = Debug|Any CPU
		{0228ECD5-8B97-4870-9CFB-43DEAFC10F33}.Release|Any CPU.ActiveCfg = Release|Any CPU
		{0228ECD5-8B97-4870-9CFB-43DEAFC10F33}.Release|Any CPU.Build.0 = Release|Any CPU
		{9E4D189E-921F-4584-A8C7-9BB1888EF137}.Debug|Any CPU.ActiveCfg = Debug|Any CPU
		{9E4D189E-921F-4584-A8C7-9BB1888EF137}.Debug|Any CPU.Build.0 = Debug|Any CPU
		{9E4D189E-921F-4584-A8C7-9BB1888EF137}.Release|Any CPU.ActiveCfg = Release|Any CPU
		{9E4D189E-921F-4584-A8C7-9BB1888EF137}.Release|Any CPU.Build.0 = Release|Any CPU
		{AF59A414-C5E8-4BFF-A13C-1846D6597BF1}.Debug|Any CPU.ActiveCfg = Debug|Any CPU
		{AF59A414-C5E8-4BFF-A13C-1846D6597BF1}.Debug|Any CPU.Build.0 = Debug|Any CPU
		{AF59A414-C5E8-4BFF-A13C-1846D6597BF1}.Release|Any CPU.ActiveCfg = Release|Any CPU
		{AF59A414-C5E8-4BFF-A13C-1846D6597BF1}.Release|Any CPU.Build.0 = Release|Any CPU
	EndGlobalSection
	GlobalSection(SolutionProperties) = preSolution
		HideSolutionNode = FALSE
	EndGlobalSection
	GlobalSection(NestedProjects) = preSolution
		{93F5EFE1-C7FB-47C3-B283-DA8B08C44043} = {149385AC-1BA7-4841-B000-EAF792070DF5}
		{26B5E5B7-E624-4A09-93F5-42323C355C9E} = {93F5EFE1-C7FB-47C3-B283-DA8B08C44043}
		{33D3867B-568E-4BB7-938C-D16F11121CE7} = {149385AC-1BA7-4841-B000-EAF792070DF5}
		{82D56D2B-518D-44A6-8118-71367D2B8D1A} = {149385AC-1BA7-4841-B000-EAF792070DF5}
		{098ED1D9-B21B-46A9-B5DC-900D07B03C0E} = {82D56D2B-518D-44A6-8118-71367D2B8D1A}
		{0A4988D9-6B84-4F84-A3FA-138C82C05090} = {82D56D2B-518D-44A6-8118-71367D2B8D1A}
		{D35A14D9-FFE1-4148-BF78-DE551FE1A9C7} = {33D3867B-568E-4BB7-938C-D16F11121CE7}
		{DC4DF3C9-BDCE-488D-B1DC-A1913580232D} = {149385AC-1BA7-4841-B000-EAF792070DF5}
		{F2E36EDD-BCEE-4410-B737-1A25B6AD83EC} = {DC4DF3C9-BDCE-488D-B1DC-A1913580232D}
		{0228ECD5-8B97-4870-9CFB-43DEAFC10F33} = {DC4DF3C9-BDCE-488D-B1DC-A1913580232D}
		{9E4D189E-921F-4584-A8C7-9BB1888EF137} = {DC4DF3C9-BDCE-488D-B1DC-A1913580232D}
		{AF59A414-C5E8-4BFF-A13C-1846D6597BF1} = {DC4DF3C9-BDCE-488D-B1DC-A1913580232D}
	EndGlobalSection
	GlobalSection(ExtensibilityGlobals) = postSolution
		SolutionGuid = {C0F88A04-02FE-4889-ABDD-6178E976D203}
	EndGlobalSection
EndGlobal
